
Microsoft Visual Studio Solution File, Format Version 12.00
# Visual Studio Version 17
VisualStudioVersion = 17.5.33414.496
MinimumVisualStudioVersion = 10.0.40219.1
Project("{FAE04EC0-301F-11D3-BF4B-00C04F79EFBC}") = "Mel TPI", "Mel TPI\Mel TPI.csproj", "{BECFC36C-AF48-489D-8EE6-EA614E2DFAFC}"
EndProject
Global
	GlobalSection(SolutionConfigurationPlatforms) = preSolution
		Debug|Any CPU = Debug|Any CPU
		Release|Any CPU = Release|Any CPU
	EndGlobalSection
	GlobalSection(ProjectConfigurationPlatforms) = postSolution
		{BECFC36C-AF48-489D-8EE6-EA614E2DFAFC}.Debug|Any CPU.ActiveCfg = Debug|Any CPU
		{BECFC36C-AF48-489D-8EE6-EA614E2DFAFC}.Debug|Any CPU.Build.0 = Debug|Any CPU
		{BECFC36C-AF48-489D-8EE6-EA614E2DFAFC}.Release|Any CPU.ActiveCfg = Release|Any CPU
		{BECFC36C-AF48-489D-8EE6-EA614E2DFAFC}.Release|Any CPU.Build.0 = Release|Any CPU
	EndGlobalSection
	GlobalSection(SolutionProperties) = preSolution
		HideSolutionNode = FALSE
	EndGlobalSection
	GlobalSection(ExtensibilityGlobals) = postSolution
		SolutionGuid = {E133395D-20AF-4AC1-B224-CB5ACA135D38}
	EndGlobalSection
EndGlobal
